
Microsoft Visual Studio Solution File, Format Version 12.00
# Visual Studio Version 17
VisualStudioVersion = 17.5.002.0
MinimumVisualStudioVersion = 10.0.40219.1
Project("{2150E333-8FDC-42A3-9474-1A3956D46DE8}") = "Core", "Core", "{02A31CCF-1F1A-480C-985A-10116C476195}"
EndProject
Project("{9A19103F-16F7-4668-BE54-9A1E7A4F7556}") = "StockManagement.Application", "Core\Application\StockManagement.Application.csproj", "{70C0F898-4CF9-48E2-ADCA-DFE287E48054}"
EndProject
Project("{9A19103F-16F7-4668-BE54-9A1E7A4F7556}") = "StockManagement.Domain", "Core\Domain\StockManagement.Domain.csproj", "{B12C5A5A-AEF1-4125-B352-E7F1730D53E5}"
EndProject
Project("{2150E333-8FDC-42A3-9474-1A3956D46DE8}") = "Infrastructure", "Infrastructure", "{55173CE2-CD32-4098-B981-A69F6D3906AD}"
EndProject
Project("{9A19103F-16F7-4668-BE54-9A1E7A4F7556}") = "StockManagement.Persistence", "Infrastructure\Persistence\StockManagement.Persistence.csproj", "{47737F19-4EF1-44B5-91F2-9337749C9F73}"
EndProject
Project("{2150E333-8FDC-42A3-9474-1A3956D46DE8}") = "Presentation", "Presentation", "{535B3A94-2BE7-4864-8629-838822C4E994}"
EndProject
Project("{9A19103F-16F7-4668-BE54-9A1E7A4F7556}") = "StockManagement.Api", "Presentation\Api\StockManagement.Api.csproj", "{AAECC0F3-4E96-4C70-8B02-D9A29B3E5E38}"
EndProject
Global
	GlobalSection(SolutionConfigurationPlatforms) = preSolution
		Debug|Any CPU = Debug|Any CPU
		Release|Any CPU = Release|Any CPU
	EndGlobalSection
	GlobalSection(ProjectConfigurationPlatforms) = postSolution
		{70C0F898-4CF9-48E2-ADCA-DFE287E48054}.Debug|Any CPU.ActiveCfg = Debug|Any CPU
		{70C0F898-4CF9-48E2-ADCA-DFE287E48054}.Debug|Any CPU.Build.0 = Debug|Any CPU
		{70C0F898-4CF9-48E2-ADCA-DFE287E48054}.Release|Any CPU.ActiveCfg = Release|Any CPU
		{70C0F898-4CF9-48E2-ADCA-DFE287E48054}.Release|Any CPU.Build.0 = Release|Any CPU
		{B12C5A5A-AEF1-4125-B352-E7F1730D53E5}.Debug|Any CPU.ActiveCfg = Debug|Any CPU
		{B12C5A5A-AEF1-4125-B352-E7F1730D53E5}.Debug|Any CPU.Build.0 = Debug|Any CPU
		{B12C5A5A-AEF1-4125-B352-E7F1730D53E5}.Release|Any CPU.ActiveCfg = Release|Any CPU
		{B12C5A5A-AEF1-4125-B352-E7F1730D53E5}.Release|Any CPU.Build.0 = Release|Any CPU
		{47737F19-4EF1-44B5-91F2-9337749C9F73}.Debug|Any CPU.ActiveCfg = Debug|Any CPU
		{47737F19-4EF1-44B5-91F2-9337749C9F73}.Debug|Any CPU.Build.0 = Debug|Any CPU
		{47737F19-4EF1-44B5-91F2-9337749C9F73}.Release|Any CPU.ActiveCfg = Release|Any CPU
		{47737F19-4EF1-44B5-91F2-9337749C9F73}.Release|Any CPU.Build.0 = Release|Any CPU
		{AAECC0F3-4E96-4C70-8B02-D9A29B3E5E38}.Debug|Any CPU.ActiveCfg = Debug|Any CPU
		{AAECC0F3-4E96-4C70-8B02-D9A29B3E5E38}.Debug|Any CPU.Build.0 = Debug|Any CPU
		{AAECC0F3-4E96-4C70-8B02-D9A29B3E5E38}.Release|Any CPU.ActiveCfg = Release|Any CPU
		{AAECC0F3-4E96-4C70-8B02-D9A29B3E5E38}.Release|Any CPU.Build.0 = Release|Any CPU
	EndGlobalSection
	GlobalSection(SolutionProperties) = preSolution
		HideSolutionNode = FALSE
	EndGlobalSection
	GlobalSection(NestedProjects) = preSolution
		{70C0F898-4CF9-48E2-ADCA-DFE287E48054} = {02A31CCF-1F1A-480C-985A-10116C476195}
		{B12C5A5A-AEF1-4125-B352-E7F1730D53E5} = {02A31CCF-1F1A-480C-985A-10116C476195}
		{47737F19-4EF1-44B5-91F2-9337749C9F73} = {55173CE2-CD32-4098-B981-A69F6D3906AD}
		{AAECC0F3-4E96-4C70-8B02-D9A29B3E5E38} = {535B3A94-2BE7-4864-8629-838822C4E994}
	EndGlobalSection
	GlobalSection(ExtensibilityGlobals) = postSolution
		SolutionGuid = {78EB245F-DC26-4243-B38D-2AAF09F2EFB0}
	EndGlobalSection
EndGlobal
